
Microsoft Visual Studio Solution File, Format Version 12.00
# Visual Studio 2012
Project("{FAE04EC0-301F-11D3-BF4B-00C04F79EFBC}") = "TripPlannerPOC", "TripPlannerPOC\TripPlannerPOC.csproj", "{C8BECEAC-9DE4-458B-A07E-F7BAD49C3F66}"
EndProject
Global
	GlobalSection(SolutionConfigurationPlatforms) = preSolution
		Debug|Any CPU = Debug|Any CPU
		Release|Any CPU = Release|Any CPU
	EndGlobalSection
	GlobalSection(ProjectConfigurationPlatforms) = postSolution
		{C8BECEAC-9DE4-458B-A07E-F7BAD49C3F66}.Debug|Any CPU.ActiveCfg = Debug|Any CPU
		{C8BECEAC-9DE4-458B-A07E-F7BAD49C3F66}.Debug|Any CPU.Build.0 = Debug|Any CPU
		{C8BECEAC-9DE4-458B-A07E-F7BAD49C3F66}.Release|Any CPU.ActiveCfg = Release|Any CPU
		{C8BECEAC-9DE4-458B-A07E-F7BAD49C3F66}.Release|Any CPU.Build.0 = Release|Any CPU
	EndGlobalSection
	GlobalSection(SolutionProperties) = preSolution
		HideSolutionNode = FALSE
	EndGlobalSection
EndGlobal
